<?xml version="1.0" encoding="utf-8"?>
<Project ToolsVersion="4.0" xmlns="http://schemas.microsoft.com/developer/msbuild/2003">
  <ItemGroup>
    <Filter Include="Source Files">
      <UniqueIdentifier>{4FC737F1-C7A5-4376-A066-2A32D752A2FF}</UniqueIdentifier>
      <Extensions>cpp;c;cc;cxx;def;odl;idl;hpj;bat;asm;asmx</Extensions>
    </Filter>
    <Filter Include="Header Files">
      <UniqueIdentifier>{93995380-89BD-4b04-88EB-625FBE52EBFB}</UniqueIdentifier>
      <Extensions>h;hh;hpp;hxx;hm;inl;inc;ipp;xsd</Extensions>
    </Filter>
    <Filter Include="Resource Files">
      <UniqueIdentifier>{67DA6AB6-F800-4c08-8B7A-83BB121AAD01}</UniqueIdentifier>
      <Extensions>rc;ico;cur;bmp;dlg;rc2;rct;bin;rgs;gif;jpg;jpeg;jpe;resx;tiff;tif;png;wav;mfcribbon-ms</Extensions>
    </Filter>
    <Filter Include="Resource Files\Extras">
      <UniqueIdentifier>{90a2e219-ef17-4475-a098-57419db85b93}</UniqueIdentifier>
    </Filter>
    <Filter Include="Resource Files\Textures">
      <UniqueIdentifier>{a154f2c6-36d3-4ae6-a56d-7d00dd44756e}</UniqueIdentifier>
    </Filter>
    <Filter Include="Source Files\Shaders">
      <UniqueIdentifier>{0057c92c-376b-41d3-8a95-dd82350a74b1}</UniqueIdentifier>
    </Filter>
  </ItemGroup>
  <ItemGroup>
    <ClCompile Include="main.cpp">
      <Filter>Source Files</Filter>
    </ClCompile>
    <ClCompile Include="glad.c">
      <Filter>Resource Files\Extras</Filter>
    </ClCompile>
    <ClCompile Include="External\helpers\stb_image.cpp">
      <Filter>Resource Files\Extras</Filter>
    </ClCompile>
  </ItemGroup>
  <ItemGroup>
    <ClInclude Include="shader.h">
      <Filter>Source Files</Filter>
    </ClInclude>
    <ClInclude Include="External\helpers\stb_image.h">
      <Filter>Header Files</Filter>
    </ClInclude>
  </ItemGroup>
  <ItemGroup>
    <None Include="Shaders\fragment.glsl">
      <Filter>Source Files\Shaders</Filter>
    </None>
    <None Include="Shaders\vertex.glsl">
      <Filter>Source Files\Shaders</Filter>
    </None>
  </ItemGroup>
  <ItemGroup>
    <Image Include="Textures\wall.jpg">
      <Filter>Resource Files\Textures</Filter>
    </Image>
    <Image Include="Textures\awesomeface.png">
      <Filter>Resource Files\Textures</Filter>
    </Image>
  </ItemGroup>
</Project>